
Microsoft Visual Studio Solution File, Format Version 12.00
# Visual Studio Version 16
VisualStudioVersion = 16.0.33801.447
MinimumVisualStudioVersion = 10.0.40219.1
Project("{8BC9CEB8-8B4A-11D0-8D11-00A0C91BC942}") = "InputDemo", "InputDemo.vcxproj", "{47F48397-526D-43DE-8D23-2D285E3A67BC}"
EndProject
Global
	GlobalSection(SolutionConfigurationPlatforms) = preSolution
		Debug|x64 = Debug|x64
		Debug|x86 = Debug|x86
		Release|x64 = Release|x64
		Release|x86 = Release|x86
	EndGlobalSection
	GlobalSection(ProjectConfigurationPlatforms) = postSolution
		{47F48397-526D-43DE-8D23-2D285E3A67BC}.Debug|x64.ActiveCfg = Debug|x64
		{47F48397-526D-43DE-8D23-2D285E3A67BC}.Debug|x64.Build.0 = Debug|x64
		{47F48397-526D-43DE-8D23-2D285E3A67BC}.Debug|x86.ActiveCfg = Debug|Win32
		{47F48397-526D-43DE-8D23-2D285E3A67BC}.Debug|x86.Build.0 = Debug|Win32
		{47F48397-526D-43DE-8D23-2D285E3A67BC}.Release|x64.ActiveCfg = Release|x64
		{47F48397-526D-43DE-8D23-2D285E3A67BC}.Release|x64.Build.0 = Release|x64
		{47F48397-526D-43DE-8D23-2D285E3A67BC}.Release|x86.ActiveCfg = Release|Win32
		{47F48397-526D-43DE-8D23-2D285E3A67BC}.Release|x86.Build.0 = Release|Win32
	EndGlobalSection
	GlobalSection(SolutionProperties) = preSolution
		HideSolutionNode = FALSE
	EndGlobalSection
	GlobalSection(ExtensibilityGlobals) = postSolution
		SolutionGuid = {A9406D1D-E1FC-4593-8581-089A8A83BC24}
	EndGlobalSection
EndGlobal
